{
  "name": "wirenboard-module",
  "version": "1.4.0",
  "lockfileVersion": 1,
  "requires": true,
  "dependencies": {
    "wirenboard-module-ebus": {
      "version": "1.3.0",
      "resolved": "https://registry.npmjs.org/wirenboard-module-ebus/-/wirenboard-module-ebus-1.3.0.tgz",
      "integrity": "sha512-26qoyvvCMQBHtVg27wb4Ezi3+/uzToIkck19/aYm2isqnS+jF5YyCo/wBD2lUySTVBH4pImiR5m1Hwhk3TcI5Q=="
    },
    "wirenboard-module-email": {
      "version": "1.1.0",
      "resolved": "https://registry.npmjs.org/wirenboard-module-email/-/wirenboard-module-email-1.1.0.tgz",
      "integrity": "sha512-XTtML5d4JAr4uJ4O6IpkR9nO9X/qlVkn6GZ3aBT8YoBYHTLnj9HQrANi2o9Xk7oM9myEQ9pS9n/RXqk3pqwcGQ=="
    },
    "wirenboard-module-flood": {
      "version": "1.5.0",
      "resolved": "https://registry.npmjs.org/wirenboard-module-flood/-/wirenboard-module-flood-1.5.0.tgz",
      "integrity": "sha512-7kAzaf73XfLTXnKhQ8cqHweaT9bBa87hM/q4d4mGlywOmWL9Rg+K33G7VLLZag3WwQW+gIK6L/j2eDLw72PUlA=="
    },
    "wirenboard-module-gas": {
      "version": "1.10.0",
      "resolved": "https://registry.npmjs.org/wirenboard-module-gas/-/wirenboard-module-gas-1.10.0.tgz",
      "integrity": "sha512-fjMCJm4jPSE9L1Q9L+rhQ/YiRxX7baU4OcrMr7RFXLXi1+Git3QLaTaHGqyNnKIZaj7rjXzXpXGlYfqVu1WDNQ=="
    },
    "wirenboard-module-greenhouse": {
      "version": "1.7.0",
      "resolved": "https://registry.npmjs.org/wirenboard-module-greenhouse/-/wirenboard-module-greenhouse-1.7.0.tgz",
      "integrity": "sha512-9d4Gliq7PzureB2D3uS9PRhHqQfA258LNO5MPkZ4cBXhjVtwme4yGNI9f8ifz8MtIY8Vci4uftwkqu266vyzKQ=="
    },
    "wirenboard-module-guard": {
      "version": "1.6.0",
      "resolved": "https://registry.npmjs.org/wirenboard-module-guard/-/wirenboard-module-guard-1.6.0.tgz",
      "integrity": "sha512-gYAsoiQb6ne2oDVSiYre89DYBaxXbJkCbaIXd9roLtdg5x+tTDvhXP8UQCsJ+DwkMKPM6u7t8d0QXJQJTZoYgA=="
    },
    "wirenboard-module-ledstrip": {
      "version": "1.3.0",
      "resolved": "https://registry.npmjs.org/wirenboard-module-ledstrip/-/wirenboard-module-ledstrip-1.3.0.tgz",
      "integrity": "sha512-1MJ6tke2KLTrCFRhp+iCPcXkA4sXsYyRtlgu1TgRyKO0rJsVwJG6aXE/3I7IuKIPhPwFRP7CWzIfRvFmQ5g2lw=="
    },
    "wirenboard-module-siren": {
      "version": "1.1.0",
      "resolved": "https://registry.npmjs.org/wirenboard-module-siren/-/wirenboard-module-siren-1.1.0.tgz",
      "integrity": "sha512-bmE3m0lvnne0z8+gOp/7/Sqvn7KIm+eXm50aSapIaIXRcjLHDgOvC8nSRZqm8L56Y+dra6OjwrTQQ4lPkuwI9g=="
    },
    "wirenboard-module-smoke": {
      "version": "1.9.0",
      "resolved": "https://registry.npmjs.org/wirenboard-module-smoke/-/wirenboard-module-smoke-1.9.0.tgz",
      "integrity": "sha512-3TqNa0pJhdcq0Wc5L/JUjZzGIFZyuNLYaC2KPzDOJr2rFQmiMAcaAD0tfQUMFvY2+uVvan0g3r/+sk0I+Ru3mQ=="
    },
    "wirenboard-module-sms": {
      "version": "1.1.0",
      "resolved": "https://registry.npmjs.org/wirenboard-module-sms/-/wirenboard-module-sms-1.1.0.tgz",
      "integrity": "sha512-pGKZ+A2pKNlhJvvBKXAEQjwPGw8D8iHS2sFl0ORbnu4Qy4PXKEiochJugSQlxrBI//GtbmV6FcGTR2zeLdVOug=="
    },
    "wirenboard-module-terneo": {
      "version": "1.5.0",
      "resolved": "https://registry.npmjs.org/wirenboard-module-terneo/-/wirenboard-module-terneo-1.5.0.tgz",
      "integrity": "sha512-O50tyNXthFXFRHCZ8YzdwDUgB3RDpqquvQqKnUc7Nk93ObpylFNLWCmcagGULF8WmRJtTGjS3kYCBS73pkUHhw=="
    },
    "wirenboard-module-zigbee": {
      "version": "1.4.0",
      "resolved": "https://registry.npmjs.org/wirenboard-module-zigbee/-/wirenboard-module-zigbee-1.4.0.tgz",
      "integrity": "sha512-F6Ke9TrEL9rpRYUIVkPQYEvwf2LBvYCl2R4tvd1+0mheKpcEoNSAepqsEK8swpFDGnC0ufZYD4tWARK5L9kBrA=="
    }
  }
}
