{
  "name": "wirenboard-module",
  "version": "1.0.0",
  "lockfileVersion": 1,
  "requires": true,
  "dependencies": {
    "wirenboard-module-ebus": {
      "version": "1.3.0",
      "resolved": "https://registry.npmjs.org/wirenboard-module-ebus/-/wirenboard-module-ebus-1.3.0.tgz",
      "integrity": "sha512-26qoyvvCMQBHtVg27wb4Ezi3+/uzToIkck19/aYm2isqnS+jF5YyCo/wBD2lUySTVBH4pImiR5m1Hwhk3TcI5Q=="
    },
    "wirenboard-module-greenhouse": {
      "version": "1.7.0",
      "resolved": "https://registry.npmjs.org/wirenboard-module-greenhouse/-/wirenboard-module-greenhouse-1.7.0.tgz",
      "integrity": "sha512-9d4Gliq7PzureB2D3uS9PRhHqQfA258LNO5MPkZ4cBXhjVtwme4yGNI9f8ifz8MtIY8Vci4uftwkqu266vyzKQ=="
    }
  }
}
